
Microsoft Visual Studio Solution File, Format Version 12.00
# Visual Studio 15
VisualStudioVersion = 15.0.28307.421
MinimumVisualStudioVersion = 10.0.40219.1
Project("{FAE04EC0-301F-11D3-BF4B-00C04F79EFBC}") = "Practice_1", "..\..\Practice1\Practice_1\Practice_1.csproj", "{7938DF79-C446-4AB5-9A2B-FF5B0AAA834C}"
EndProject
Global
	GlobalSection(SolutionConfigurationPlatforms) = preSolution
		Debug|Any CPU = Debug|Any CPU
		Release|Any CPU = Release|Any CPU
	EndGlobalSection
	GlobalSection(ProjectConfigurationPlatforms) = postSolution
		{7938DF79-C446-4AB5-9A2B-FF5B0AAA834C}.Debug|Any CPU.ActiveCfg = Debug|Any CPU
		{7938DF79-C446-4AB5-9A2B-FF5B0AAA834C}.Debug|Any CPU.Build.0 = Debug|Any CPU
		{7938DF79-C446-4AB5-9A2B-FF5B0AAA834C}.Release|Any CPU.ActiveCfg = Release|Any CPU
		{7938DF79-C446-4AB5-9A2B-FF5B0AAA834C}.Release|Any CPU.Build.0 = Release|Any CPU
	EndGlobalSection
	GlobalSection(SolutionProperties) = preSolution
		HideSolutionNode = FALSE
	EndGlobalSection
	GlobalSection(ExtensibilityGlobals) = postSolution
		SolutionGuid = {D2F1EAAF-0F3D-4886-8732-77DB3C478820}
	EndGlobalSection
EndGlobal
